
Microsoft Visual Studio Solution File, Format Version 12.00
# Visual Studio Version 17
VisualStudioVersion = 17.7.34031.279
MinimumVisualStudioVersion = 10.0.40219.1
Project("{FAE04EC0-301F-11D3-BF4B-00C04F79EFBC}") = "ejercicio_4", "ejercicio_4\ejercicio_4.csproj", "{8D239EED-3A70-4AC5-84BD-21DAF19ED9A4}"
EndProject
Global
	GlobalSection(SolutionConfigurationPlatforms) = preSolution
		Debug|Any CPU = Debug|Any CPU
		Release|Any CPU = Release|Any CPU
	EndGlobalSection
	GlobalSection(ProjectConfigurationPlatforms) = postSolution
		{8D239EED-3A70-4AC5-84BD-21DAF19ED9A4}.Debug|Any CPU.ActiveCfg = Debug|Any CPU
		{8D239EED-3A70-4AC5-84BD-21DAF19ED9A4}.Debug|Any CPU.Build.0 = Debug|Any CPU
		{8D239EED-3A70-4AC5-84BD-21DAF19ED9A4}.Release|Any CPU.ActiveCfg = Release|Any CPU
		{8D239EED-3A70-4AC5-84BD-21DAF19ED9A4}.Release|Any CPU.Build.0 = Release|Any CPU
	EndGlobalSection
	GlobalSection(SolutionProperties) = preSolution
		HideSolutionNode = FALSE
	EndGlobalSection
	GlobalSection(ExtensibilityGlobals) = postSolution
		SolutionGuid = {1A94B242-D4A2-468B-A80E-05C35B139635}
	EndGlobalSection
EndGlobal
